<?xml version="1.0" encoding="utf-8"?>
<Project ToolsVersion="4.0" xmlns="http://schemas.microsoft.com/developer/msbuild/2003">
  <ItemGroup>
    <Filter Include="Source Files">
      <UniqueIdentifier>{4FC737F1-C7A5-4376-A066-2A32D752A2FF}</UniqueIdentifier>
      <Extensions>cpp;c;cc;cxx;c++;cppm;ixx;def;odl;idl;hpj;bat;asm;asmx</Extensions>
    </Filter>
    <Filter Include="Header Files">
      <UniqueIdentifier>{93995380-89BD-4b04-88EB-625FBE52EBFB}</UniqueIdentifier>
      <Extensions>h;hh;hpp;hxx;h++;hm;inl;inc;ipp;xsd</Extensions>
    </Filter>
    <Filter Include="Resource Files">
      <UniqueIdentifier>{67DA6AB6-F800-4c08-8B7A-83BB121AAD01}</UniqueIdentifier>
      <Extensions>rc;ico;cur;bmp;dlg;rc2;rct;bin;rgs;gif;jpg;jpeg;jpe;resx;tiff;tif;png;wav;mfcribbon-ms</Extensions>
    </Filter>
  </ItemGroup>
  <ItemGroup>
    <ClCompile Include="src\amacro.c">
      <Filter>Source Files</Filter>
    </ClCompile>
    <ClCompile Include="src\config.c">
      <Filter>Source Files</Filter>
    </ClCompile>
    <ClCompile Include="src\csv.c">
      <Filter>Source Files</Filter>
    </ClCompile>
    <ClCompile Include="src\drill.c">
      <Filter>Source Files</Filter>
    </ClCompile>
    <ClCompile Include="src\drill_stats.c">
      <Filter>Source Files</Filter>
    </ClCompile>
    <ClCompile Include="src\export-drill.c">
      <Filter>Source Files</Filter>
    </ClCompile>
    <ClCompile Include="src\export-geda-pcb.c">
      <Filter>Source Files</Filter>
    </ClCompile>
    <ClCompile Include="src\export-image.c">
      <Filter>Source Files</Filter>
    </ClCompile>
    <ClCompile Include="src\export-isel-drill.c">
      <Filter>Source Files</Filter>
    </ClCompile>
    <ClCompile Include="src\export-rs274x.c">
      <Filter>Source Files</Filter>
    </ClCompile>
    <ClCompile Include="src\gerb_file.c">
      <Filter>Source Files</Filter>
    </ClCompile>
    <ClCompile Include="src\gerb_image.c">
      <Filter>Source Files</Filter>
    </ClCompile>
    <ClCompile Include="src\gerb_stats.c">
      <Filter>Source Files</Filter>
    </ClCompile>
    <ClCompile Include="src\gerber.c">
      <Filter>Source Files</Filter>
    </ClCompile>
    <ClCompile Include="src\gerbv.c">
      <Filter>Source Files</Filter>
    </ClCompile>
    <ClCompile Include="src\lrealpath.c">
      <Filter>Source Files</Filter>
    </ClCompile>
    <ClCompile Include="src\main.c">
      <Filter>Source Files</Filter>
    </ClCompile>
    <ClCompile Include="src\pick-and-place.c">
      <Filter>Source Files</Filter>
    </ClCompile>
    <ClCompile Include="src\project.c">
      <Filter>Source Files</Filter>
    </ClCompile>
    <ClCompile Include="src\scheme.c">
      <Filter>Source Files</Filter>
    </ClCompile>
    <ClCompile Include="src\selection.c">
      <Filter>Source Files</Filter>
    </ClCompile>
    <ClCompile Include="src\export-dxf.cpp">
      <Filter>Source Files</Filter>
    </ClCompile>
    <ClCompile Include="src\draw.c">
      <Filter>Source Files</Filter>
    </ClCompile>
    <ClCompile Include="src\render.c">
      <Filter>Source Files</Filter>
    </ClCompile>
    <ClCompile Include="src\tooltable.c">
      <Filter>Source Files</Filter>
    </ClCompile>
  </ItemGroup>
  <ItemGroup>
    <ClInclude Include="src\amacro.h">
      <Filter>Header Files</Filter>
    </ClInclude>
    <ClInclude Include="src\common.h">
      <Filter>Header Files</Filter>
    </ClInclude>
    <ClInclude Include="src\config.h">
      <Filter>Header Files</Filter>
    </ClInclude>
    <ClInclude Include="src\csv.h">
      <Filter>Header Files</Filter>
    </ClInclude>
    <ClInclude Include="src\csv_defines.h">
      <Filter>Header Files</Filter>
    </ClInclude>
    <ClInclude Include="src\drill.h">
      <Filter>Header Files</Filter>
    </ClInclude>
    <ClInclude Include="src\drill_stats.h">
      <Filter>Header Files</Filter>
    </ClInclude>
    <ClInclude Include="src\gerb_file.h">
      <Filter>Header Files</Filter>
    </ClInclude>
    <ClInclude Include="src\gerb_image.h">
      <Filter>Header Files</Filter>
    </ClInclude>
    <ClInclude Include="src\gerb_stats.h">
      <Filter>Header Files</Filter>
    </ClInclude>
    <ClInclude Include="src\gerber.h">
      <Filter>Header Files</Filter>
    </ClInclude>
    <ClInclude Include="src\gerbv.h">
      <Filter>Header Files</Filter>
    </ClInclude>
    <ClInclude Include="src\gettext.h">
      <Filter>Header Files</Filter>
    </ClInclude>
    <ClInclude Include="src\lrealpath.h">
      <Filter>Header Files</Filter>
    </ClInclude>
    <ClInclude Include="src\main.h">
      <Filter>Header Files</Filter>
    </ClInclude>
    <ClInclude Include="src\opdefines.h">
      <Filter>Header Files</Filter>
    </ClInclude>
    <ClInclude Include="src\pick-and-place.h">
      <Filter>Header Files</Filter>
    </ClInclude>
    <ClInclude Include="src\project.h">
      <Filter>Header Files</Filter>
    </ClInclude>
    <ClInclude Include="src\scheme.h">
      <Filter>Header Files</Filter>
    </ClInclude>
    <ClInclude Include="src\scheme-private.h">
      <Filter>Header Files</Filter>
    </ClInclude>
    <ClInclude Include="src\selection.h">
      <Filter>Header Files</Filter>
    </ClInclude>
    <ClInclude Include="src\_config_.h">
      <Filter>Header Files</Filter>
    </ClInclude>
    <ClInclude Include="src\draw.h">
      <Filter>Header Files</Filter>
    </ClInclude>
    <ClInclude Include="src\render.h">
      <Filter>Header Files</Filter>
    </ClInclude>
  </ItemGroup>
  <ItemGroup>
    <None Include="libgerbv.def">
      <Filter>Source Files</Filter>
    </None>
  </ItemGroup>
</Project>